
Microsoft Visual Studio Solution File, Format Version 12.00
# Visual Studio 15
VisualStudioVersion = 15.0.26403.7
MinimumVisualStudioVersion = 10.0.40219.1
Project("{FAE04EC0-301F-11D3-BF4B-00C04F79EFBC}") = "Fieps", "Fieps\Fieps.csproj", "{165E7380-C368-4676-AC82-DD88EA789F30}"
EndProject
Project("{FAE04EC0-301F-11D3-BF4B-00C04F79EFBC}") = "Fieps.DAL", "Fieps.DAL\Fieps.DAL.csproj", "{89387620-6A29-4BF7-9220-04A65371A112}"
EndProject
Global
	GlobalSection(SolutionConfigurationPlatforms) = preSolution
		Debug|Any CPU = Debug|Any CPU
		Release|Any CPU = Release|Any CPU
	EndGlobalSection
	GlobalSection(ProjectConfigurationPlatforms) = postSolution
		{165E7380-C368-4676-AC82-DD88EA789F30}.Debug|Any CPU.ActiveCfg = Debug|Any CPU
		{165E7380-C368-4676-AC82-DD88EA789F30}.Debug|Any CPU.Build.0 = Debug|Any CPU
		{165E7380-C368-4676-AC82-DD88EA789F30}.Release|Any CPU.ActiveCfg = Release|Any CPU
		{165E7380-C368-4676-AC82-DD88EA789F30}.Release|Any CPU.Build.0 = Release|Any CPU
		{89387620-6A29-4BF7-9220-04A65371A112}.Debug|Any CPU.ActiveCfg = Debug|Any CPU
		{89387620-6A29-4BF7-9220-04A65371A112}.Debug|Any CPU.Build.0 = Debug|Any CPU
		{89387620-6A29-4BF7-9220-04A65371A112}.Release|Any CPU.ActiveCfg = Release|Any CPU
		{89387620-6A29-4BF7-9220-04A65371A112}.Release|Any CPU.Build.0 = Release|Any CPU
	EndGlobalSection
	GlobalSection(SolutionProperties) = preSolution
		HideSolutionNode = FALSE
	EndGlobalSection
EndGlobal
